// !$*UTF8*$!
{
	archiveVersion = 1;
	classes = {
	};
	objectVersion = 46;
	objects = {

/* Begin PBXBuildFile section */
		0E9EF6301C1FFBC6002224F8 /* AppDelegate.swift in Sources */ = {isa = PBXBuildFile; fileRef = 0E9EF62F1C1FFBC6002224F8 /* AppDelegate.swift */; };
		0E9EF6321C1FFBC6002224F8 /* ViewController.swift in Sources */ = {isa = PBXBuildFile; fileRef = 0E9EF6311C1FFBC6002224F8 /* ViewController.swift */; };
		0E9EF6351C1FFBC6002224F8 /* Main.storyboard in Resources */ = {isa = PBXBuildFile; fileRef = 0E9EF6331C1FFBC6002224F8 /* Main.storyboard */; };
		0E9EF6371C1FFBC6002224F8 /* Assets.xcassets in Resources */ = {isa = PBXBuildFile; fileRef = 0E9EF6361C1FFBC6002224F8 /* Assets.xcassets */; };
		0E9EF63A1C1FFBC6002224F8 /* LaunchScreen.storyboard in Resources */ = {isa = PBXBuildFile; fileRef = 0E9EF6381C1FFBC6002224F8 /* LaunchScreen.storyboard */; };
		0E9EF6451C1FFBC6002224F8 /* cyber_warTests.swift in Sources */ = {isa = PBXBuildFile; fileRef = 0E9EF6441C1FFBC6002224F8 /* cyber_warTests.swift */; };
		0E9EF6501C1FFBC6002224F8 /* cyber_warUITests.swift in Sources */ = {isa = PBXBuildFile; fileRef = 0E9EF64F1C1FFBC6002224F8 /* cyber_warUITests.swift */; };
		0E9EF6601C20028E002224F8 /* GameTableViewController.swift in Sources */ = {isa = PBXBuildFile; fileRef = 0E9EF65F1C20028E002224F8 /* GameTableViewController.swift */; };
		0E9EF6621C200873002224F8 /* SettingsViewController.swift in Sources */ = {isa = PBXBuildFile; fileRef = 0E9EF6611C200873002224F8 /* SettingsViewController.swift */; };
		0E9EF6641C20089E002224F8 /* GameViewController.swift in Sources */ = {isa = PBXBuildFile; fileRef = 0E9EF6631C20089E002224F8 /* GameViewController.swift */; };
		0E9EF6661C200A1F002224F8 /* MenuViewController.swift in Sources */ = {isa = PBXBuildFile; fileRef = 0E9EF6651C200A1F002224F8 /* MenuViewController.swift */; };
		0E9EF6681C200BB7002224F8 /* LoadGameViewController.swift in Sources */ = {isa = PBXBuildFile; fileRef = 0E9EF6671C200BB7002224F8 /* LoadGameViewController.swift */; };
		0EB2D8391C20A27D006AC9BE /* LevelCollectionViewController.swift in Sources */ = {isa = PBXBuildFile; fileRef = 0EB2D8381C20A27D006AC9BE /* LevelCollectionViewController.swift */; };
		0EB2D83B1C20A70C006AC9BE /* PathViewController.swift in Sources */ = {isa = PBXBuildFile; fileRef = 0EB2D83A1C20A70C006AC9BE /* PathViewController.swift */; };
/* End PBXBuildFile section */

/* Begin PBXContainerItemProxy section */
		0E9EF6411C1FFBC6002224F8 /* PBXContainerItemProxy */ = {
			isa = PBXContainerItemProxy;
			containerPortal = 0E9EF6241C1FFBC6002224F8 /* Project object */;
			proxyType = 1;
			remoteGlobalIDString = 0E9EF62B1C1FFBC6002224F8;
			remoteInfo = "cyber-war";
		};
		0E9EF64C1C1FFBC6002224F8 /* PBXContainerItemProxy */ = {
			isa = PBXContainerItemProxy;
			containerPortal = 0E9EF6241C1FFBC6002224F8 /* Project object */;
			proxyType = 1;
			remoteGlobalIDString = 0E9EF62B1C1FFBC6002224F8;
			remoteInfo = "cyber-war";
		};
/* End PBXContainerItemProxy section */

/* Begin PBXFileReference section */
		0E9EF62C1C1FFBC6002224F8 /* cyber-war.app */ = {isa = PBXFileReference; explicitFileType = wrapper.application; includeInIndex = 0; path = "cyber-war.app"; sourceTree = BUILT_PRODUCTS_DIR; };
		0E9EF62F1C1FFBC6002224F8 /* AppDelegate.swift */ = {isa = PBXFileReference; lastKnownFileType = sourcecode.swift; path = AppDelegate.swift; sourceTree = "<group>"; };
		0E9EF6311C1FFBC6002224F8 /* ViewController.swift */ = {isa = PBXFileReference; lastKnownFileType = sourcecode.swift; path = ViewController.swift; sourceTree = "<group>"; };
		0E9EF6341C1FFBC6002224F8 /* Base */ = {isa = PBXFileReference; lastKnownFileType = file.storyboard; name = Base; path = Base.lproj/Main.storyboard; sourceTree = "<group>"; };
		0E9EF6361C1FFBC6002224F8 /* Assets.xcassets */ = {isa = PBXFileReference; lastKnownFileType = folder.assetcatalog; path = Assets.xcassets; sourceTree = "<group>"; };
		0E9EF6391C1FFBC6002224F8 /* Base */ = {isa = PBXFileReference; lastKnownFileType = file.storyboard; name = Base; path = Base.lproj/LaunchScreen.storyboard; sourceTree = "<group>"; };
		0E9EF63B1C1FFBC6002224F8 /* Info.plist */ = {isa = PBXFileReference; lastKnownFileType = text.plist.xml; path = Info.plist; sourceTree = "<group>"; };
		0E9EF6401C1FFBC6002224F8 /* cyber-warTests.xctest */ = {isa = PBXFileReference; explicitFileType = wrapper.cfbundle; includeInIndex = 0; path = "cyber-warTests.xctest"; sourceTree = BUILT_PRODUCTS_DIR; };
		0E9EF6441C1FFBC6002224F8 /* cyber_warTests.swift */ = {isa = PBXFileReference; lastKnownFileType = sourcecode.swift; path = cyber_warTests.swift; sourceTree = "<group>"; };
		0E9EF6461C1FFBC6002224F8 /* Info.plist */ = {isa = PBXFileReference; lastKnownFileType = text.plist.xml; path = Info.plist; sourceTree = "<group>"; };
		0E9EF64B1C1FFBC6002224F8 /* cyber-warUITests.xctest */ = {isa = PBXFileReference; explicitFileType = wrapper.cfbundle; includeInIndex = 0; path = "cyber-warUITests.xctest"; sourceTree = BUILT_PRODUCTS_DIR; };
		0E9EF64F1C1FFBC6002224F8 /* cyber_warUITests.swift */ = {isa = PBXFileReference; lastKnownFileType = sourcecode.swift; path = cyber_warUITests.swift; sourceTree = "<group>"; };
		0E9EF6511C1FFBC6002224F8 /* Info.plist */ = {isa = PBXFileReference; lastKnownFileType = text.plist.xml; path = Info.plist; sourceTree = "<group>"; };
		0E9EF65F1C20028E002224F8 /* GameTableViewController.swift */ = {isa = PBXFileReference; fileEncoding = 4; lastKnownFileType = sourcecode.swift; path = GameTableViewController.swift; sourceTree = "<group>"; };
		0E9EF6611C200873002224F8 /* SettingsViewController.swift */ = {isa = PBXFileReference; fileEncoding = 4; lastKnownFileType = sourcecode.swift; path = SettingsViewController.swift; sourceTree = "<group>"; };
		0E9EF6631C20089E002224F8 /* GameViewController.swift */ = {isa = PBXFileReference; fileEncoding = 4; lastKnownFileType = sourcecode.swift; path = GameViewController.swift; sourceTree = "<group>"; };
		0E9EF6651C200A1F002224F8 /* MenuViewController.swift */ = {isa = PBXFileReference; fileEncoding = 4; lastKnownFileType = sourcecode.swift; path = MenuViewController.swift; sourceTree = "<group>"; };
		0E9EF6671C200BB7002224F8 /* LoadGameViewController.swift */ = {isa = PBXFileReference; fileEncoding = 4; lastKnownFileType = sourcecode.swift; path = LoadGameViewController.swift; sourceTree = "<group>"; };
		0EB2D8381C20A27D006AC9BE /* LevelCollectionViewController.swift */ = {isa = PBXFileReference; fileEncoding = 4; lastKnownFileType = sourcecode.swift; path = LevelCollectionViewController.swift; sourceTree = "<group>"; };
		0EB2D83A1C20A70C006AC9BE /* PathViewController.swift */ = {isa = PBXFileReference; fileEncoding = 4; lastKnownFileType = sourcecode.swift; path = PathViewController.swift; sourceTree = "<group>"; };
/* End PBXFileReference section */

/* Begin PBXFrameworksBuildPhase section */
		0E9EF6291C1FFBC6002224F8 /* Frameworks */ = {
			isa = PBXFrameworksBuildPhase;
			buildActionMask = 2147483647;
			files = (
			);
			runOnlyForDeploymentPostprocessing = 0;
		};
		0E9EF63D1C1FFBC6002224F8 /* Frameworks */ = {
			isa = PBXFrameworksBuildPhase;
			buildActionMask = 2147483647;
			files = (
			);
			runOnlyForDeploymentPostprocessing = 0;
		};
		0E9EF6481C1FFBC6002224F8 /* Frameworks */ = {
			isa = PBXFrameworksBuildPhase;
			buildActionMask = 2147483647;
			files = (
			);
			runOnlyForDeploymentPostprocessing = 0;
		};
/* End PBXFrameworksBuildPhase section */

/* Begin PBXGroup section */
		0E9EF6231C1FFBC6002224F8 = {
			isa = PBXGroup;
			children = (
				0E9EF62E1C1FFBC6002224F8 /* cyber-war */,
				0E9EF6431C1FFBC6002224F8 /* cyber-warTests */,
				0E9EF64E1C1FFBC6002224F8 /* cyber-warUITests */,
				0E9EF62D1C1FFBC6002224F8 /* Products */,
			);
			sourceTree = "<group>";
		};
		0E9EF62D1C1FFBC6002224F8 /* Products */ = {
			isa = PBXGroup;
			children = (
				0E9EF62C1C1FFBC6002224F8 /* cyber-war.app */,
				0E9EF6401C1FFBC6002224F8 /* cyber-warTests.xctest */,
				0E9EF64B1C1FFBC6002224F8 /* cyber-warUITests.xctest */,
			);
			name = Products;
			sourceTree = "<group>";
		};
		0E9EF62E1C1FFBC6002224F8 /* cyber-war */ = {
			isa = PBXGroup;
			children = (
				0E9EF62F1C1FFBC6002224F8 /* AppDelegate.swift */,
				0E9EF6311C1FFBC6002224F8 /* ViewController.swift */,
				0E9EF6331C1FFBC6002224F8 /* Main.storyboard */,
				0E9EF6361C1FFBC6002224F8 /* Assets.xcassets */,
				0E9EF6381C1FFBC6002224F8 /* LaunchScreen.storyboard */,
				0E9EF63B1C1FFBC6002224F8 /* Info.plist */,
				0E9EF65F1C20028E002224F8 /* GameTableViewController.swift */,
				0E9EF6611C200873002224F8 /* SettingsViewController.swift */,
				0E9EF6631C20089E002224F8 /* GameViewController.swift */,
				0E9EF6651C200A1F002224F8 /* MenuViewController.swift */,
				0E9EF6671C200BB7002224F8 /* LoadGameViewController.swift */,
				0EB2D8381C20A27D006AC9BE /* LevelCollectionViewController.swift */,
				0EB2D83A1C20A70C006AC9BE /* PathViewController.swift */,
			);
			path = "cyber-war";
			sourceTree = "<group>";
		};
		0E9EF6431C1FFBC6002224F8 /* cyber-warTests */ = {
			isa = PBXGroup;
			children = (
				0E9EF6441C1FFBC6002224F8 /* cyber_warTests.swift */,
				0E9EF6461C1FFBC6002224F8 /* Info.plist */,
			);
			path = "cyber-warTests";
			sourceTree = "<group>";
		};
		0E9EF64E1C1FFBC6002224F8 /* cyber-warUITests */ = {
			isa = PBXGroup;
			children = (
				0E9EF64F1C1FFBC6002224F8 /* cyber_warUITests.swift */,
				0E9EF6511C1FFBC6002224F8 /* Info.plist */,
			);
			path = "cyber-warUITests";
			sourceTree = "<group>";
		};
/* End PBXGroup section */

/* Begin PBXNativeTarget section */
		0E9EF62B1C1FFBC6002224F8 /* cyber-war */ = {
			isa = PBXNativeTarget;
			buildConfigurationList = 0E9EF6541C1FFBC6002224F8 /* Build configuration list for PBXNativeTarget "cyber-war" */;
			buildPhases = (
				0E9EF6281C1FFBC6002224F8 /* Sources */,
				0E9EF6291C1FFBC6002224F8 /* Frameworks */,
				0E9EF62A1C1FFBC6002224F8 /* Resources */,
			);
			buildRules = (
			);
			dependencies = (
			);
			name = "cyber-war";
			productName = "cyber-war";
			productReference = 0E9EF62C1C1FFBC6002224F8 /* cyber-war.app */;
			productType = "com.apple.product-type.application";
		};
		0E9EF63F1C1FFBC6002224F8 /* cyber-warTests */ = {
			isa = PBXNativeTarget;
			buildConfigurationList = 0E9EF6571C1FFBC6002224F8 /* Build configuration list for PBXNativeTarget "cyber-warTests" */;
			buildPhases = (
				0E9EF63C1C1FFBC6002224F8 /* Sources */,
				0E9EF63D1C1FFBC6002224F8 /* Frameworks */,
				0E9EF63E1C1FFBC6002224F8 /* Resources */,
			);
			buildRules = (
			);
			dependencies = (
				0E9EF6421C1FFBC6002224F8 /* PBXTargetDependency */,
			);
			name = "cyber-warTests";
			productName = "cyber-warTests";
			productReference = 0E9EF6401C1FFBC6002224F8 /* cyber-warTests.xctest */;
			productType = "com.apple.product-type.bundle.unit-test";
		};
		0E9EF64A1C1FFBC6002224F8 /* cyber-warUITests */ = {
			isa = PBXNativeTarget;
			buildConfigurationList = 0E9EF65A1C1FFBC6002224F8 /* Build configuration list for PBXNativeTarget "cyber-warUITests" */;
			buildPhases = (
				0E9EF6471C1FFBC6002224F8 /* Sources */,
				0E9EF6481C1FFBC6002224F8 /* Frameworks */,
				0E9EF6491C1FFBC6002224F8 /* Resources */,
			);
			buildRules = (
			);
			dependencies = (
				0E9EF64D1C1FFBC6002224F8 /* PBXTargetDependency */,
			);
			name = "cyber-warUITests";
			productName = "cyber-warUITests";
			productReference = 0E9EF64B1C1FFBC6002224F8 /* cyber-warUITests.xctest */;
			productType = "com.apple.product-type.bundle.ui-testing";
		};
/* End PBXNativeTarget section */

/* Begin PBXProject section */
		0E9EF6241C1FFBC6002224F8 /* Project object */ = {
			isa = PBXProject;
			attributes = {
				LastSwiftUpdateCheck = 0720;
				LastUpgradeCheck = 0720;
				ORGANIZATIONNAME = o;
				TargetAttributes = {
					0E9EF62B1C1FFBC6002224F8 = {
						CreatedOnToolsVersion = 7.2;
					};
					0E9EF63F1C1FFBC6002224F8 = {
						CreatedOnToolsVersion = 7.2;
						TestTargetID = 0E9EF62B1C1FFBC6002224F8;
					};
					0E9EF64A1C1FFBC6002224F8 = {
						CreatedOnToolsVersion = 7.2;
						TestTargetID = 0E9EF62B1C1FFBC6002224F8;
					};
				};
			};
			buildConfigurationList = 0E9EF6271C1FFBC6002224F8 /* Build configuration list for PBXProject "cyber-war" */;
			compatibilityVersion = "Xcode 3.2";
			developmentRegion = English;
			hasScannedForEncodings = 0;
			knownRegions = (
				en,
				Base,
			);
			mainGroup = 0E9EF6231C1FFBC6002224F8;
			productRefGroup = 0E9EF62D1C1FFBC6002224F8 /* Products */;
			projectDirPath = "";
			projectRoot = "";
			targets = (
				0E9EF62B1C1FFBC6002224F8 /* cyber-war */,
				0E9EF63F1C1FFBC6002224F8 /* cyber-warTests */,
				0E9EF64A1C1FFBC6002224F8 /* cyber-warUITests */,
			);
		};
/* End PBXProject section */

/* Begin PBXResourcesBuildPhase section */
		0E9EF62A1C1FFBC6002224F8 /* Resources */ = {
			isa = PBXResourcesBuildPhase;
			buildActionMask = 2147483647;
			files = (
				0E9EF63A1C1FFBC6002224F8 /* LaunchScreen.storyboard in Resources */,
				0E9EF6371C1FFBC6002224F8 /* Assets.xcassets in Resources */,
				0E9EF6351C1FFBC6002224F8 /* Main.storyboard in Resources */,
			);
			runOnlyForDeploymentPostprocessing = 0;
		};
		0E9EF63E1C1FFBC6002224F8 /* Resources */ = {
			isa = PBXResourcesBuildPhase;
			buildActionMask = 2147483647;
			files = (
			);
			runOnlyForDeploymentPostprocessing = 0;
		};
		0E9EF6491C1FFBC6002224F8 /* Resources */ = {
			isa = PBXResourcesBuildPhase;
			buildActionMask = 2147483647;
			files = (
			);
			runOnlyForDeploymentPostprocessing = 0;
		};
/* End PBXResourcesBuildPhase section */

/* Begin PBXSourcesBuildPhase section */
		0E9EF6281C1FFBC6002224F8 /* Sources */ = {
			isa = PBXSourcesBuildPhase;
			buildActionMask = 2147483647;
			files = (
				0E9EF6641C20089E002224F8 /* GameViewController.swift in Sources */,
				0EB2D8391C20A27D006AC9BE /* LevelCollectionViewController.swift in Sources */,
				0EB2D83B1C20A70C006AC9BE /* PathViewController.swift in Sources */,
				0E9EF6661C200A1F002224F8 /* MenuViewController.swift in Sources */,
				0E9EF6601C20028E002224F8 /* GameTableViewController.swift in Sources */,
				0E9EF6321C1FFBC6002224F8 /* ViewController.swift in Sources */,
				0E9EF6301C1FFBC6002224F8 /* AppDelegate.swift in Sources */,
				0E9EF6681C200BB7002224F8 /* LoadGameViewController.swift in Sources */,
				0E9EF6621C200873002224F8 /* SettingsViewController.swift in Sources */,
			);
			runOnlyForDeploymentPostprocessing = 0;
		};
		0E9EF63C1C1FFBC6002224F8 /* Sources */ = {
			isa = PBXSourcesBuildPhase;
			buildActionMask = 2147483647;
			files = (
				0E9EF6451C1FFBC6002224F8 /* cyber_warTests.swift in Sources */,
			);
			runOnlyForDeploymentPostprocessing = 0;
		};
		0E9EF6471C1FFBC6002224F8 /* Sources */ = {
			isa = PBXSourcesBuildPhase;
			buildActionMask = 2147483647;
			files = (
				0E9EF6501C1FFBC6002224F8 /* cyber_warUITests.swift in Sources */,
			);
			runOnlyForDeploymentPostprocessing = 0;
		};
/* End PBXSourcesBuildPhase section */

/* Begin PBXTargetDependency section */
		0E9EF6421C1FFBC6002224F8 /* PBXTargetDependency */ = {
			isa = PBXTargetDependency;
			target = 0E9EF62B1C1FFBC6002224F8 /* cyber-war */;
			targetProxy = 0E9EF6411C1FFBC6002224F8 /* PBXContainerItemProxy */;
		};
		0E9EF64D1C1FFBC6002224F8 /* PBXTargetDependency */ = {
			isa = PBXTargetDependency;
			target = 0E9EF62B1C1FFBC6002224F8 /* cyber-war */;
			targetProxy = 0E9EF64C1C1FFBC6002224F8 /* PBXContainerItemProxy */;
		};
/* End PBXTargetDependency section */

/* Begin PBXVariantGroup section */
		0E9EF6331C1FFBC6002224F8 /* Main.storyboard */ = {
			isa = PBXVariantGroup;
			children = (
				0E9EF6341C1FFBC6002224F8 /* Base */,
			);
			name = Main.storyboard;
			sourceTree = "<group>";
		};
		0E9EF6381C1FFBC6002224F8 /* LaunchScreen.storyboard */ = {
			isa = PBXVariantGroup;
			children = (
				0E9EF6391C1FFBC6002224F8 /* Base */,
			);
			name = LaunchScreen.storyboard;
			sourceTree = "<group>";
		};
/* End PBXVariantGroup section */

/* Begin XCBuildConfiguration section */
		0E9EF6521C1FFBC6002224F8 /* Debug */ = {
			isa = XCBuildConfiguration;
			buildSettings = {
				ALWAYS_SEARCH_USER_PATHS = NO;
				CLANG_CXX_LANGUAGE_STANDARD = "gnu++0x";
				CLANG_CXX_LIBRARY = "libc++";
				CLANG_ENABLE_MODULES = YES;
				CLANG_ENABLE_OBJC_ARC = YES;
				CLANG_WARN_BOOL_CONVERSION = YES;
				CLANG_WARN_CONSTANT_CONVERSION = YES;
				CLANG_WARN_DIRECT_OBJC_ISA_USAGE = YES_ERROR;
				CLANG_WARN_EMPTY_BODY = YES;
				CLANG_WARN_ENUM_CONVERSION = YES;
				CLANG_WARN_INT_CONVERSION = YES;
				CLANG_WARN_OBJC_ROOT_CLASS = YES_ERROR;
				CLANG_WARN_UNREACHABLE_CODE = YES;
				CLANG_WARN__DUPLICATE_METHOD_MATCH = YES;
				"CODE_SIGN_IDENTITY[sdk=iphoneos*]" = "iPhone Developer";
				COPY_PHASE_STRIP = NO;
				DEBUG_INFORMATION_FORMAT = dwarf;
				ENABLE_STRICT_OBJC_MSGSEND = YES;
				ENABLE_TESTABILITY = YES;
				GCC_C_LANGUAGE_STANDARD = gnu99;
				GCC_DYNAMIC_NO_PIC = NO;
				GCC_NO_COMMON_BLOCKS = YES;
				GCC_OPTIMIZATION_LEVEL = 0;
				GCC_PREPROCESSOR_DEFINITIONS = (
					"DEBUG=1",
					"$(inherited)",
				);
				GCC_WARN_64_TO_32_BIT_CONVERSION = YES;
				GCC_WARN_ABOUT_RETURN_TYPE = YES_ERROR;
				GCC_WARN_UNDECLARED_SELECTOR = YES;
				GCC_WARN_UNINITIALIZED_AUTOS = YES_AGGRESSIVE;
				GCC_WARN_UNUSED_FUNCTION = YES;
				GCC_WARN_UNUSED_VARIABLE = YES;
				IPHONEOS_DEPLOYMENT_TARGET = 9.2;
				MTL_ENABLE_DEBUG_INFO = YES;
				ONLY_ACTIVE_ARCH = YES;
				SDKROOT = iphoneos;
				SWIFT_OPTIMIZATION_LEVEL = "-Onone";
			};
			name = Debug;
		};
		0E9EF6531C1FFBC6002224F8 /* Release */ = {
			isa = XCBuildConfiguration;
			buildSettings = {
				ALWAYS_SEARCH_USER_PATHS = NO;
				CLANG_CXX_LANGUAGE_STANDARD = "gnu++0x";
				CLANG_CXX_LIBRARY = "libc++";
				CLANG_ENABLE_MODULES = YES;
				CLANG_ENABLE_OBJC_ARC = YES;
				CLANG_WARN_BOOL_CONVERSION = YES;
				CLANG_WARN_CONSTANT_CONVERSION = YES;
				CLANG_WARN_DIRECT_OBJC_ISA_USAGE = YES_ERROR;
				CLANG_WARN_EMPTY_BODY = YES;
				CLANG_WARN_ENUM_CONVERSION = YES;
				CLANG_WARN_INT_CONVERSION = YES;
				CLANG_WARN_OBJC_ROOT_CLASS = YES_ERROR;
				CLANG_WARN_UNREACHABLE_CODE = YES;
				CLANG_WARN__DUPLICATE_METHOD_MATCH = YES;
				"CODE_SIGN_IDENTITY[sdk=iphoneos*]" = "iPhone Developer";
				COPY_PHASE_STRIP = NO;
				DEBUG_INFORMATION_FORMAT = "dwarf-with-dsym";
				ENABLE_NS_ASSERTIONS = NO;
				ENABLE_STRICT_OBJC_MSGSEND = YES;
				GCC_C_LANGUAGE_STANDARD = gnu99;
				GCC_NO_COMMON_BLOCKS = YES;
				GCC_WARN_64_TO_32_BIT_CONVERSION = YES;
				GCC_WARN_ABOUT_RETURN_TYPE = YES_ERROR;
				GCC_WARN_UNDECLARED_SELECTOR = YES;
				GCC_WARN_UNINITIALIZED_AUTOS = YES_AGGRESSIVE;
				GCC_WARN_UNUSED_FUNCTION = YES;
				GCC_WARN_UNUSED_VARIABLE = YES;
				IPHONEOS_DEPLOYMENT_TARGET = 9.2;
				MTL_ENABLE_DEBUG_INFO = NO;
				SDKROOT = iphoneos;
				VALIDATE_PRODUCT = YES;
			};
			name = Release;
		};
		0E9EF6551C1FFBC6002224F8 /* Debug */ = {
			isa = XCBuildConfiguration;
			buildSettings = {
				ASSETCATALOG_COMPILER_APPICON_NAME = AppIcon;
				INFOPLIST_FILE = "cyber-war/Info.plist";
				LD_RUNPATH_SEARCH_PATHS = "$(inherited) @executable_path/Frameworks";
				PRODUCT_BUNDLE_IDENTIFIER = "ravencape.cyber-war";
				PRODUCT_NAME = "$(TARGET_NAME)";
			};
			name = Debug;
		};
		0E9EF6561C1FFBC6002224F8 /* Release */ = {
			isa = XCBuildConfiguration;
			buildSettings = {
				ASSETCATALOG_COMPILER_APPICON_NAME = AppIcon;
				INFOPLIST_FILE = "cyber-war/Info.plist";
				LD_RUNPATH_SEARCH_PATHS = "$(inherited) @executable_path/Frameworks";
				PRODUCT_BUNDLE_IDENTIFIER = "ravencape.cyber-war";
				PRODUCT_NAME = "$(TARGET_NAME)";
			};
			name = Release;
		};
		0E9EF6581C1FFBC6002224F8 /* Debug */ = {
			isa = XCBuildConfiguration;
			buildSettings = {
				BUNDLE_LOADER = "$(TEST_HOST)";
				INFOPLIST_FILE = "cyber-warTests/Info.plist";
				LD_RUNPATH_SEARCH_PATHS = "$(inherited) @executable_path/Frameworks @loader_path/Frameworks";
				PRODUCT_BUNDLE_IDENTIFIER = "ravencape.cyber-warTests";
				PRODUCT_NAME = "$(TARGET_NAME)";
				TEST_HOST = "$(BUILT_PRODUCTS_DIR)/cyber-war.app/cyber-war";
			};
			name = Debug;
		};
		0E9EF6591C1FFBC6002224F8 /* Release */ = {
			isa = XCBuildConfiguration;
			buildSettings = {
				BUNDLE_LOADER = "$(TEST_HOST)";
				INFOPLIST_FILE = "cyber-warTests/Info.plist";
				LD_RUNPATH_SEARCH_PATHS = "$(inherited) @executable_path/Frameworks @loader_path/Frameworks";
				PRODUCT_BUNDLE_IDENTIFIER = "ravencape.cyber-warTests";
				PRODUCT_NAME = "$(TARGET_NAME)";
				TEST_HOST = "$(BUILT_PRODUCTS_DIR)/cyber-war.app/cyber-war";
			};
			name = Release;
		};
		0E9EF65B1C1FFBC6002224F8 /* Debug */ = {
			isa = XCBuildConfiguration;
			buildSettings = {
				INFOPLIST_FILE = "cyber-warUITests/Info.plist";
				LD_RUNPATH_SEARCH_PATHS = "$(inherited) @executable_path/Frameworks @loader_path/Frameworks";
				PRODUCT_BUNDLE_IDENTIFIER = "ravencape.cyber-warUITests";
				PRODUCT_NAME = "$(TARGET_NAME)";
				TEST_TARGET_NAME = "cyber-war";
				USES_XCTRUNNER = YES;
			};
			name = Debug;
		};
		0E9EF65C1C1FFBC6002224F8 /* Release */ = {
			isa = XCBuildConfiguration;
			buildSettings = {
				INFOPLIST_FILE = "cyber-warUITests/Info.plist";
				LD_RUNPATH_SEARCH_PATHS = "$(inherited) @executable_path/Frameworks @loader_path/Frameworks";
				PRODUCT_BUNDLE_IDENTIFIER = "ravencape.cyber-warUITests";
				PRODUCT_NAME = "$(TARGET_NAME)";
				TEST_TARGET_NAME = "cyber-war";
				USES_XCTRUNNER = YES;
			};
			name = Release;
		};
/* End XCBuildConfiguration section */

/* Begin XCConfigurationList section */
		0E9EF6271C1FFBC6002224F8 /* Build configuration list for PBXProject "cyber-war" */ = {
			isa = XCConfigurationList;
			buildConfigurations = (
				0E9EF6521C1FFBC6002224F8 /* Debug */,
				0E9EF6531C1FFBC6002224F8 /* Release */,
			);
			defaultConfigurationIsVisible = 0;
			defaultConfigurationName = Release;
		};
		0E9EF6541C1FFBC6002224F8 /* Build configuration list for PBXNativeTarget "cyber-war" */ = {
			isa = XCConfigurationList;
			buildConfigurations = (
				0E9EF6551C1FFBC6002224F8 /* Debug */,
				0E9EF6561C1FFBC6002224F8 /* Release */,
			);
			defaultConfigurationIsVisible = 0;
			defaultConfigurationName = Release;
		};
		0E9EF6571C1FFBC6002224F8 /* Build configuration list for PBXNativeTarget "cyber-warTests" */ = {
			isa = XCConfigurationList;
			buildConfigurations = (
				0E9EF6581C1FFBC6002224F8 /* Debug */,
				0E9EF6591C1FFBC6002224F8 /* Release */,
			);
			defaultConfigurationIsVisible = 0;
			defaultConfigurationName = Release;
		};
		0E9EF65A1C1FFBC6002224F8 /* Build configuration list for PBXNativeTarget "cyber-warUITests" */ = {
			isa = XCConfigurationList;
			buildConfigurations = (
				0E9EF65B1C1FFBC6002224F8 /* Debug */,
				0E9EF65C1C1FFBC6002224F8 /* Release */,
			);
			defaultConfigurationIsVisible = 0;
			defaultConfigurationName = Release;
		};
/* End XCConfigurationList section */
	};
	rootObject = 0E9EF6241C1FFBC6002224F8 /* Project object */;
}
